// !$*UTF8*$!
{
	archiveVersion = 1;
	classes = {
	};
	objectVersion = 50;
	objects = {

/* Begin PBXBuildFile section */
		80365CE1241A7CCE005B59B9 /* Assets.xcassets in Resources */ = {isa = PBXBuildFile; fileRef = 80365CE0241A7CCE005B59B9 /* Assets.xcassets */; };
		80365CE7241A7CCE005B59B9 /* LaunchScreen.storyboard in Resources */ = {isa = PBXBuildFile; fileRef = 80365CE5241A7CCE005B59B9 /* LaunchScreen.storyboard */; };
		88C9C2342424BD6C004EB00E /* AppDelegate.swift in Sources */ = {isa = PBXBuildFile; fileRef = 88C9C2322424BD6C004EB00E /* AppDelegate.swift */; };
		88C9C2352424BD6C004EB00E /* SceneDelegate.swift in Sources */ = {isa = PBXBuildFile; fileRef = 88C9C2332424BD6C004EB00E /* SceneDelegate.swift */; };
		88C9C2392424BD71004EB00E /* Agent.swift in Sources */ = {isa = PBXBuildFile; fileRef = 88C9C2372424BD71004EB00E /* Agent.swift */; };
		88C9C23A2424BD71004EB00E /* MoviesAPI.swift in Sources */ = {isa = PBXBuildFile; fileRef = 88C9C2382424BD71004EB00E /* MoviesAPI.swift */; };
		88C9C2412424BD7C004EB00E /* Spinner.swift in Sources */ = {isa = PBXBuildFile; fileRef = 88C9C23C2424BD7B004EB00E /* Spinner.swift */; };
		88C9C2422424BD7C004EB00E /* ImageCache.swift in Sources */ = {isa = PBXBuildFile; fileRef = 88C9C23E2424BD7B004EB00E /* ImageCache.swift */; };
		88C9C2432424BD7C004EB00E /* ImageLoader.swift in Sources */ = {isa = PBXBuildFile; fileRef = 88C9C23F2424BD7B004EB00E /* ImageLoader.swift */; };
		88C9C2442424BD7C004EB00E /* AsyncImage.swift in Sources */ = {isa = PBXBuildFile; fileRef = 88C9C2402424BD7B004EB00E /* AsyncImage.swift */; };
		88C9C24C2424BD7F004EB00E /* MovieDetailView.swift in Sources */ = {isa = PBXBuildFile; fileRef = 88C9C2472424BD7F004EB00E /* MovieDetailView.swift */; };
		88C9C24D2424BD7F004EB00E /* MovieDetailViewModel.swift in Sources */ = {isa = PBXBuildFile; fileRef = 88C9C2482424BD7F004EB00E /* MovieDetailViewModel.swift */; };
		88C9C24E2424BD7F004EB00E /* MovieListViewModel.swift in Sources */ = {isa = PBXBuildFile; fileRef = 88C9C24A2424BD7F004EB00E /* MovieListViewModel.swift */; };
		88C9C24F2424BD7F004EB00E /* MoviesListView.swift in Sources */ = {isa = PBXBuildFile; fileRef = 88C9C24B2424BD7F004EB00E /* MoviesListView.swift */; };
		88C9C2512424BD86004EB00E /* System.swift in Sources */ = {isa = PBXBuildFile; fileRef = 88C9C2502424BD86004EB00E /* System.swift */; };
		88C9C2532424BD8A004EB00E /* Feedback.swift in Sources */ = {isa = PBXBuildFile; fileRef = 88C9C2522424BD8A004EB00E /* Feedback.swift */; };
		88C9C2552424C197004EB00E /* View+Ext.swift in Sources */ = {isa = PBXBuildFile; fileRef = 88C9C2542424C197004EB00E /* View+Ext.swift */; };
/* End PBXBuildFile section */

/* Begin PBXFileReference section */
		80365CD7241A7CCB005B59B9 /* ModernMVVM.app */ = {isa = PBXFileReference; explicitFileType = wrapper.application; includeInIndex = 0; path = ModernMVVM.app; sourceTree = BUILT_PRODUCTS_DIR; };
		80365CE0241A7CCE005B59B9 /* Assets.xcassets */ = {isa = PBXFileReference; lastKnownFileType = folder.assetcatalog; path = Assets.xcassets; sourceTree = "<group>"; };
		80365CE6241A7CCE005B59B9 /* Base */ = {isa = PBXFileReference; lastKnownFileType = file.storyboard; name = Base; path = Base.lproj/LaunchScreen.storyboard; sourceTree = "<group>"; };
		80365CE8241A7CCE005B59B9 /* Info.plist */ = {isa = PBXFileReference; lastKnownFileType = text.plist.xml; path = Info.plist; sourceTree = "<group>"; };
		88C9C2322424BD6C004EB00E /* AppDelegate.swift */ = {isa = PBXFileReference; fileEncoding = 4; lastKnownFileType = sourcecode.swift; path = AppDelegate.swift; sourceTree = "<group>"; };
		88C9C2332424BD6C004EB00E /* SceneDelegate.swift */ = {isa = PBXFileReference; fileEncoding = 4; lastKnownFileType = sourcecode.swift; path = SceneDelegate.swift; sourceTree = "<group>"; };
		88C9C2372424BD71004EB00E /* Agent.swift */ = {isa = PBXFileReference; fileEncoding = 4; lastKnownFileType = sourcecode.swift; path = Agent.swift; sourceTree = "<group>"; };
		88C9C2382424BD71004EB00E /* MoviesAPI.swift */ = {isa = PBXFileReference; fileEncoding = 4; lastKnownFileType = sourcecode.swift; path = MoviesAPI.swift; sourceTree = "<group>"; };
		88C9C23C2424BD7B004EB00E /* Spinner.swift */ = {isa = PBXFileReference; fileEncoding = 4; lastKnownFileType = sourcecode.swift; path = Spinner.swift; sourceTree = "<group>"; };
		88C9C23E2424BD7B004EB00E /* ImageCache.swift */ = {isa = PBXFileReference; fileEncoding = 4; lastKnownFileType = sourcecode.swift; path = ImageCache.swift; sourceTree = "<group>"; };
		88C9C23F2424BD7B004EB00E /* ImageLoader.swift */ = {isa = PBXFileReference; fileEncoding = 4; lastKnownFileType = sourcecode.swift; path = ImageLoader.swift; sourceTree = "<group>"; };
		88C9C2402424BD7B004EB00E /* AsyncImage.swift */ = {isa = PBXFileReference; fileEncoding = 4; lastKnownFileType = sourcecode.swift; path = AsyncImage.swift; sourceTree = "<group>"; };
		88C9C2472424BD7F004EB00E /* MovieDetailView.swift */ = {isa = PBXFileReference; fileEncoding = 4; lastKnownFileType = sourcecode.swift; path = MovieDetailView.swift; sourceTree = "<group>"; };
		88C9C2482424BD7F004EB00E /* MovieDetailViewModel.swift */ = {isa = PBXFileReference; fileEncoding = 4; lastKnownFileType = sourcecode.swift; path = MovieDetailViewModel.swift; sourceTree = "<group>"; };
		88C9C24A2424BD7F004EB00E /* MovieListViewModel.swift */ = {isa = PBXFileReference; fileEncoding = 4; lastKnownFileType = sourcecode.swift; path = MovieListViewModel.swift; sourceTree = "<group>"; };
		88C9C24B2424BD7F004EB00E /* MoviesListView.swift */ = {isa = PBXFileReference; fileEncoding = 4; lastKnownFileType = sourcecode.swift; path = MoviesListView.swift; sourceTree = "<group>"; };
		88C9C2502424BD86004EB00E /* System.swift */ = {isa = PBXFileReference; fileEncoding = 4; lastKnownFileType = sourcecode.swift; path = System.swift; sourceTree = "<group>"; };
		88C9C2522424BD8A004EB00E /* Feedback.swift */ = {isa = PBXFileReference; fileEncoding = 4; lastKnownFileType = sourcecode.swift; path = Feedback.swift; sourceTree = "<group>"; };
		88C9C2542424C197004EB00E /* View+Ext.swift */ = {isa = PBXFileReference; lastKnownFileType = sourcecode.swift; path = "View+Ext.swift"; sourceTree = "<group>"; };
/* End PBXFileReference section */

/* Begin PBXFrameworksBuildPhase section */
		80365CD4241A7CCB005B59B9 /* Frameworks */ = {
			isa = PBXFrameworksBuildPhase;
			buildActionMask = 2147483647;
			files = (
			);
			runOnlyForDeploymentPostprocessing = 0;
		};
/* End PBXFrameworksBuildPhase section */

/* Begin PBXGroup section */
		80365CCE241A7CCB005B59B9 = {
			isa = PBXGroup;
			children = (
				80365CD9241A7CCB005B59B9 /* ModernMVVM */,
				80365CD8241A7CCB005B59B9 /* Products */,
			);
			sourceTree = "<group>";
		};
		80365CD8241A7CCB005B59B9 /* Products */ = {
			isa = PBXGroup;
			children = (
				80365CD7241A7CCB005B59B9 /* ModernMVVM.app */,
			);
			name = Products;
			sourceTree = "<group>";
		};
		80365CD9241A7CCB005B59B9 /* ModernMVVM */ = {
			isa = PBXGroup;
			children = (
				88C9C2362424BD71004EB00E /* API */,
				88C9C2312424BD6C004EB00E /* App */,
				88C9C23B2424BD7B004EB00E /* Controls */,
				88B0A7D5242919E00045F8AB /* Extensions */,
				88C9C2452424BD7F004EB00E /* Features */,
				88B0A7D4242919C10045F8AB /* Feedback */,
				88C9C2302424BD5D004EB00E /* SupportingFIles */,
			);
			path = ModernMVVM;
			sourceTree = "<group>";
		};
		88B0A7D4242919C10045F8AB /* Feedback */ = {
			isa = PBXGroup;
			children = (
				88C9C2522424BD8A004EB00E /* Feedback.swift */,
				88C9C2502424BD86004EB00E /* System.swift */,
			);
			path = Feedback;
			sourceTree = "<group>";
		};
		88B0A7D5242919E00045F8AB /* Extensions */ = {
			isa = PBXGroup;
			children = (
				88C9C2542424C197004EB00E /* View+Ext.swift */,
			);
			path = Extensions;
			sourceTree = "<group>";
		};
		88C9C2302424BD5D004EB00E /* SupportingFIles */ = {
			isa = PBXGroup;
			children = (
				80365CE0241A7CCE005B59B9 /* Assets.xcassets */,
				80365CE5241A7CCE005B59B9 /* LaunchScreen.storyboard */,
				80365CE8241A7CCE005B59B9 /* Info.plist */,
			);
			path = SupportingFIles;
			sourceTree = "<group>";
		};
		88C9C2312424BD6C004EB00E /* App */ = {
			isa = PBXGroup;
			children = (
				88C9C2322424BD6C004EB00E /* AppDelegate.swift */,
				88C9C2332424BD6C004EB00E /* SceneDelegate.swift */,
			);
			path = App;
			sourceTree = "<group>";
		};
		88C9C2362424BD71004EB00E /* API */ = {
			isa = PBXGroup;
			children = (
				88C9C2372424BD71004EB00E /* Agent.swift */,
				88C9C2382424BD71004EB00E /* MoviesAPI.swift */,
			);
			path = API;
			sourceTree = "<group>";
		};
		88C9C23B2424BD7B004EB00E /* Controls */ = {
			isa = PBXGroup;
			children = (
				88C9C23C2424BD7B004EB00E /* Spinner.swift */,
				88C9C23D2424BD7B004EB00E /* AsyncImage */,
			);
			path = Controls;
			sourceTree = "<group>";
		};
		88C9C23D2424BD7B004EB00E /* AsyncImage */ = {
			isa = PBXGroup;
			children = (
				88C9C23E2424BD7B004EB00E /* ImageCache.swift */,
				88C9C23F2424BD7B004EB00E /* ImageLoader.swift */,
				88C9C2402424BD7B004EB00E /* AsyncImage.swift */,
			);
			path = AsyncImage;
			sourceTree = "<group>";
		};
		88C9C2452424BD7F004EB00E /* Features */ = {
			isa = PBXGroup;
			children = (
				88C9C2462424BD7F004EB00E /* MovieDetails */,
				88C9C2492424BD7F004EB00E /* MoviesList */,
			);
			path = Features;
			sourceTree = "<group>";
		};
		88C9C2462424BD7F004EB00E /* MovieDetails */ = {
			isa = PBXGroup;
			children = (
				88C9C2472424BD7F004EB00E /* MovieDetailView.swift */,
				88C9C2482424BD7F004EB00E /* MovieDetailViewModel.swift */,
			);
			path = MovieDetails;
			sourceTree = "<group>";
		};
		88C9C2492424BD7F004EB00E /* MoviesList */ = {
			isa = PBXGroup;
			children = (
				88C9C24A2424BD7F004EB00E /* MovieListViewModel.swift */,
				88C9C24B2424BD7F004EB00E /* MoviesListView.swift */,
			);
			path = MoviesList;
			sourceTree = "<group>";
		};
/* End PBXGroup section */

/* Begin PBXNativeTarget section */
		80365CD6241A7CCB005B59B9 /* ModernMVVM */ = {
			isa = PBXNativeTarget;
			buildConfigurationList = 80365CEB241A7CCE005B59B9 /* Build configuration list for PBXNativeTarget "ModernMVVM" */;
			buildPhases = (
				80365CD3241A7CCB005B59B9 /* Sources */,
				80365CD4241A7CCB005B59B9 /* Frameworks */,
				80365CD5241A7CCB005B59B9 /* Resources */,
			);
			buildRules = (
			);
			dependencies = (
			);
			name = ModernMVVM;
			productName = ModernMVVM;
			productReference = 80365CD7241A7CCB005B59B9 /* ModernMVVM.app */;
			productType = "com.apple.product-type.application";
		};
/* End PBXNativeTarget section */

/* Begin PBXProject section */
		80365CCF241A7CCB005B59B9 /* Project object */ = {
			isa = PBXProject;
			attributes = {
				LastSwiftUpdateCheck = 1140;
				LastUpgradeCheck = 1140;
				ORGANIZATIONNAME = "Vadym Bulavin";
				TargetAttributes = {
					80365CD6241A7CCB005B59B9 = {
						CreatedOnToolsVersion = 11.4;
					};
				};
			};
			buildConfigurationList = 80365CD2241A7CCB005B59B9 /* Build configuration list for PBXProject "ModernMVVM" */;
			compatibilityVersion = "Xcode 9.3";
			developmentRegion = en;
			hasScannedForEncodings = 0;
			knownRegions = (
				en,
				Base,
			);
			mainGroup = 80365CCE241A7CCB005B59B9;
			productRefGroup = 80365CD8241A7CCB005B59B9 /* Products */;
			projectDirPath = "";
			projectRoot = "";
			targets = (
				80365CD6241A7CCB005B59B9 /* ModernMVVM */,
			);
		};
/* End PBXProject section */

/* Begin PBXResourcesBuildPhase section */
		80365CD5241A7CCB005B59B9 /* Resources */ = {
			isa = PBXResourcesBuildPhase;
			buildActionMask = 2147483647;
			files = (
				80365CE7241A7CCE005B59B9 /* LaunchScreen.storyboard in Resources */,
				80365CE1241A7CCE005B59B9 /* Assets.xcassets in Resources */,
			);
			runOnlyForDeploymentPostprocessing = 0;
		};
/* End PBXResourcesBuildPhase section */

/* Begin PBXSourcesBuildPhase section */
		80365CD3241A7CCB005B59B9 /* Sources */ = {
			isa = PBXSourcesBuildPhase;
			buildActionMask = 2147483647;
			files = (
				88C9C2432424BD7C004EB00E /* ImageLoader.swift in Sources */,
				88C9C2422424BD7C004EB00E /* ImageCache.swift in Sources */,
				88C9C2552424C197004EB00E /* View+Ext.swift in Sources */,
				88C9C2512424BD86004EB00E /* System.swift in Sources */,
				88C9C2392424BD71004EB00E /* Agent.swift in Sources */,
				88C9C24C2424BD7F004EB00E /* MovieDetailView.swift in Sources */,
				88C9C2342424BD6C004EB00E /* AppDelegate.swift in Sources */,
				88C9C2442424BD7C004EB00E /* AsyncImage.swift in Sources */,
				88C9C24D2424BD7F004EB00E /* MovieDetailViewModel.swift in Sources */,
				88C9C24E2424BD7F004EB00E /* MovieListViewModel.swift in Sources */,
				88C9C2352424BD6C004EB00E /* SceneDelegate.swift in Sources */,
				88C9C24F2424BD7F004EB00E /* MoviesListView.swift in Sources */,
				88C9C23A2424BD71004EB00E /* MoviesAPI.swift in Sources */,
				88C9C2532424BD8A004EB00E /* Feedback.swift in Sources */,
				88C9C2412424BD7C004EB00E /* Spinner.swift in Sources */,
			);
			runOnlyForDeploymentPostprocessing = 0;
		};
/* End PBXSourcesBuildPhase section */

/* Begin PBXVariantGroup section */
		80365CE5241A7CCE005B59B9 /* LaunchScreen.storyboard */ = {
			isa = PBXVariantGroup;
			children = (
				80365CE6241A7CCE005B59B9 /* Base */,
			);
			name = LaunchScreen.storyboard;
			sourceTree = "<group>";
		};
/* End PBXVariantGroup section */

/* Begin XCBuildConfiguration section */
		80365CE9241A7CCE005B59B9 /* Debug */ = {
			isa = XCBuildConfiguration;
			buildSettings = {
				ALWAYS_SEARCH_USER_PATHS = NO;
				CLANG_ANALYZER_NONNULL = YES;
				CLANG_ANALYZER_NUMBER_OBJECT_CONVERSION = YES_AGGRESSIVE;
				CLANG_CXX_LANGUAGE_STANDARD = "gnu++14";
				CLANG_CXX_LIBRARY = "libc++";
				CLANG_ENABLE_MODULES = YES;
				CLANG_ENABLE_OBJC_ARC = YES;
				CLANG_ENABLE_OBJC_WEAK = YES;
				CLANG_WARN_BLOCK_CAPTURE_AUTORELEASING = YES;
				CLANG_WARN_BOOL_CONVERSION = YES;
				CLANG_WARN_COMMA = YES;
				CLANG_WARN_CONSTANT_CONVERSION = YES;
				CLANG_WARN_DEPRECATED_OBJC_IMPLEMENTATIONS = YES;
				CLANG_WARN_DIRECT_OBJC_ISA_USAGE = YES_ERROR;
				CLANG_WARN_DOCUMENTATION_COMMENTS = YES;
				CLANG_WARN_EMPTY_BODY = YES;
				CLANG_WARN_ENUM_CONVERSION = YES;
				CLANG_WARN_INFINITE_RECURSION = YES;
				CLANG_WARN_INT_CONVERSION = YES;
				CLANG_WARN_NON_LITERAL_NULL_CONVERSION = YES;
				CLANG_WARN_OBJC_IMPLICIT_RETAIN_SELF = YES;
				CLANG_WARN_OBJC_LITERAL_CONVERSION = YES;
				CLANG_WARN_OBJC_ROOT_CLASS = YES_ERROR;
				CLANG_WARN_RANGE_LOOP_ANALYSIS = YES;
				CLANG_WARN_STRICT_PROTOTYPES = YES;
				CLANG_WARN_SUSPICIOUS_MOVE = YES;
				CLANG_WARN_UNGUARDED_AVAILABILITY = YES_AGGRESSIVE;
				CLANG_WARN_UNREACHABLE_CODE = YES;
				CLANG_WARN__DUPLICATE_METHOD_MATCH = YES;
				COPY_PHASE_STRIP = NO;
				DEBUG_INFORMATION_FORMAT = dwarf;
				ENABLE_STRICT_OBJC_MSGSEND = YES;
				ENABLE_TESTABILITY = YES;
				GCC_C_LANGUAGE_STANDARD = gnu11;
				GCC_DYNAMIC_NO_PIC = NO;
				GCC_NO_COMMON_BLOCKS = YES;
				GCC_OPTIMIZATION_LEVEL = 0;
				GCC_PREPROCESSOR_DEFINITIONS = (
					"DEBUG=1",
					"$(inherited)",
				);
				GCC_WARN_64_TO_32_BIT_CONVERSION = YES;
				GCC_WARN_ABOUT_RETURN_TYPE = YES_ERROR;
				GCC_WARN_UNDECLARED_SELECTOR = YES;
				GCC_WARN_UNINITIALIZED_AUTOS = YES_AGGRESSIVE;
				GCC_WARN_UNUSED_FUNCTION = YES;
				GCC_WARN_UNUSED_VARIABLE = YES;
				IPHONEOS_DEPLOYMENT_TARGET = 13.4;
				MTL_ENABLE_DEBUG_INFO = INCLUDE_SOURCE;
				MTL_FAST_MATH = YES;
				ONLY_ACTIVE_ARCH = YES;
				SDKROOT = iphoneos;
				SWIFT_ACTIVE_COMPILATION_CONDITIONS = DEBUG;
				SWIFT_OPTIMIZATION_LEVEL = "-Onone";
			};
			name = Debug;
		};
		80365CEA241A7CCE005B59B9 /* Release */ = {
			isa = XCBuildConfiguration;
			buildSettings = {
				ALWAYS_SEARCH_USER_PATHS = NO;
				CLANG_ANALYZER_NONNULL = YES;
				CLANG_ANALYZER_NUMBER_OBJECT_CONVERSION = YES_AGGRESSIVE;
				CLANG_CXX_LANGUAGE_STANDARD = "gnu++14";
				CLANG_CXX_LIBRARY = "libc++";
				CLANG_ENABLE_MODULES = YES;
				CLANG_ENABLE_OBJC_ARC = YES;
				CLANG_ENABLE_OBJC_WEAK = YES;
				CLANG_WARN_BLOCK_CAPTURE_AUTORELEASING = YES;
				CLANG_WARN_BOOL_CONVERSION = YES;
				CLANG_WARN_COMMA = YES;
				CLANG_WARN_CONSTANT_CONVERSION = YES;
				CLANG_WARN_DEPRECATED_OBJC_IMPLEMENTATIONS = YES;
				CLANG_WARN_DIRECT_OBJC_ISA_USAGE = YES_ERROR;
				CLANG_WARN_DOCUMENTATION_COMMENTS = YES;
				CLANG_WARN_EMPTY_BODY = YES;
				CLANG_WARN_ENUM_CONVERSION = YES;
				CLANG_WARN_INFINITE_RECURSION = YES;
				CLANG_WARN_INT_CONVERSION = YES;
				CLANG_WARN_NON_LITERAL_NULL_CONVERSION = YES;
				CLANG_WARN_OBJC_IMPLICIT_RETAIN_SELF = YES;
				CLANG_WARN_OBJC_LITERAL_CONVERSION = YES;
				CLANG_WARN_OBJC_ROOT_CLASS = YES_ERROR;
				CLANG_WARN_RANGE_LOOP_ANALYSIS = YES;
				CLANG_WARN_STRICT_PROTOTYPES = YES;
				CLANG_WARN_SUSPICIOUS_MOVE = YES;
				CLANG_WARN_UNGUARDED_AVAILABILITY = YES_AGGRESSIVE;
				CLANG_WARN_UNREACHABLE_CODE = YES;
				CLANG_WARN__DUPLICATE_METHOD_MATCH = YES;
				COPY_PHASE_STRIP = NO;
				DEBUG_INFORMATION_FORMAT = "dwarf-with-dsym";
				ENABLE_NS_ASSERTIONS = NO;
				ENABLE_STRICT_OBJC_MSGSEND = YES;
				GCC_C_LANGUAGE_STANDARD = gnu11;
				GCC_NO_COMMON_BLOCKS = YES;
				GCC_WARN_64_TO_32_BIT_CONVERSION = YES;
				GCC_WARN_ABOUT_RETURN_TYPE = YES_ERROR;
				GCC_WARN_UNDECLARED_SELECTOR = YES;
				GCC_WARN_UNINITIALIZED_AUTOS = YES_AGGRESSIVE;
				GCC_WARN_UNUSED_FUNCTION = YES;
				GCC_WARN_UNUSED_VARIABLE = YES;
				IPHONEOS_DEPLOYMENT_TARGET = 13.4;
				MTL_ENABLE_DEBUG_INFO = NO;
				MTL_FAST_MATH = YES;
				SDKROOT = iphoneos;
				SWIFT_COMPILATION_MODE = wholemodule;
				SWIFT_OPTIMIZATION_LEVEL = "-O";
				VALIDATE_PRODUCT = YES;
			};
			name = Release;
		};
		80365CEC241A7CCE005B59B9 /* Debug */ = {
			isa = XCBuildConfiguration;
			buildSettings = {
				ASSETCATALOG_COMPILER_APPICON_NAME = AppIcon;
				CODE_SIGN_STYLE = Automatic;
				DEVELOPMENT_ASSET_PATHS = "";
				ENABLE_PREVIEWS = YES;
				INFOPLIST_FILE = ModernMVVM/SupportingFiles/Info.plist;
				LD_RUNPATH_SEARCH_PATHS = (
					"$(inherited)",
					"@executable_path/Frameworks",
				);
				PRODUCT_BUNDLE_IDENTIFIER = v8tr.ModernMVVM;
				PRODUCT_NAME = "$(TARGET_NAME)";
				SWIFT_VERSION = 5.0;
				TARGETED_DEVICE_FAMILY = "1,2";
			};
			name = Debug;
		};
		80365CED241A7CCE005B59B9 /* Release */ = {
			isa = XCBuildConfiguration;
			buildSettings = {
				ASSETCATALOG_COMPILER_APPICON_NAME = AppIcon;
				CODE_SIGN_STYLE = Automatic;
				DEVELOPMENT_ASSET_PATHS = "";
				ENABLE_PREVIEWS = YES;
				INFOPLIST_FILE = ModernMVVM/SupportingFiles/Info.plist;
				LD_RUNPATH_SEARCH_PATHS = (
					"$(inherited)",
					"@executable_path/Frameworks",
				);
				PRODUCT_BUNDLE_IDENTIFIER = v8tr.ModernMVVM;
				PRODUCT_NAME = "$(TARGET_NAME)";
				SWIFT_VERSION = 5.0;
				TARGETED_DEVICE_FAMILY = "1,2";
			};
			name = Release;
		};
/* End XCBuildConfiguration section */

/* Begin XCConfigurationList section */
		80365CD2241A7CCB005B59B9 /* Build configuration list for PBXProject "ModernMVVM" */ = {
			isa = XCConfigurationList;
			buildConfigurations = (
				80365CE9241A7CCE005B59B9 /* Debug */,
				80365CEA241A7CCE005B59B9 /* Release */,
			);
			defaultConfigurationIsVisible = 0;
			defaultConfigurationName = Release;
		};
		80365CEB241A7CCE005B59B9 /* Build configuration list for PBXNativeTarget "ModernMVVM" */ = {
			isa = XCConfigurationList;
			buildConfigurations = (
				80365CEC241A7CCE005B59B9 /* Debug */,
				80365CED241A7CCE005B59B9 /* Release */,
			);
			defaultConfigurationIsVisible = 0;
			defaultConfigurationName = Release;
		};
/* End XCConfigurationList section */
	};
	rootObject = 80365CCF241A7CCB005B59B9 /* Project object */;
}
